
Microsoft Visual Studio Solution File, Format Version 12.00
# Visual Studio Version 17
VisualStudioVersion = 17.11.35312.102
MinimumVisualStudioVersion = 10.0.40219.1
Project("{FAE04EC0-301F-11D3-BF4B-00C04F79EFBC}") = "Analizator_21", "Analizator_21\Analizator_21.csproj", "{BAD5233D-030C-45A0-A4EA-EB65C079A7CE}"
EndProject
Global
	GlobalSection(SolutionConfigurationPlatforms) = preSolution
		Debug|Any CPU = Debug|Any CPU
		Release|Any CPU = Release|Any CPU
	EndGlobalSection
	GlobalSection(ProjectConfigurationPlatforms) = postSolution
		{BAD5233D-030C-45A0-A4EA-EB65C079A7CE}.Debug|Any CPU.ActiveCfg = Debug|Any CPU
		{BAD5233D-030C-45A0-A4EA-EB65C079A7CE}.Debug|Any CPU.Build.0 = Debug|Any CPU
		{BAD5233D-030C-45A0-A4EA-EB65C079A7CE}.Release|Any CPU.ActiveCfg = Release|Any CPU
		{BAD5233D-030C-45A0-A4EA-EB65C079A7CE}.Release|Any CPU.Build.0 = Release|Any CPU
	EndGlobalSection
	GlobalSection(SolutionProperties) = preSolution
		HideSolutionNode = FALSE
	EndGlobalSection
	GlobalSection(ExtensibilityGlobals) = postSolution
		SolutionGuid = {01C6D8BB-5F57-4C87-AEE7-F9049C102636}
	EndGlobalSection
EndGlobal
